# This file is automatically @generated by Cargo.
# It is not intended for manual editing.
[[package]]
name = "wasmparser"
version = "0.51.2"
source = "registry+https://github.com/rust-lang/crates.io-index"
checksum = "a40d24f114a3f24b459ec292019220cff6388673b4a2c0a11483665b599ef15c"

[[package]]
name = "wavm-aot-generator"
version = "0.1.0"
dependencies = [
 "wasmparser",
]
